{
  "version": 4,
  "terraform_version": "1.9.8",
  "serial": 1,
  "lineage": "f0c5d0a1-c278-ae5c-f284-335f87d1d3c7",
  "outputs": {},
  "resources": [
    {
      "module": "module.Resource_group",
      "mode": "managed",
      "type": "azurerm_resource_group",
      "name": "RG1",
      "provider": "module.Resource_group.provider[\"registry.terraform.io/hashicorp/azurerm\"]",
      "instances": [
        {
          "schema_version": 0,
          "attributes": {
            "id": "/subscriptions/8d854426-0ef5-4e5f-b7f7-bcec14549707/resourceGroups/RG1",
            "location": "eastus",
            "managed_by": "",
            "name": "RG1",
            "tags": null,
            "timeouts": null
          },
          "sensitive_attributes": [],
          "private": "eyJlMmJmYjczMC1lY2FhLTExZTYtOGY4OC0zNDM2M2JjN2M0YzAiOnsiY3JlYXRlIjo1NDAwMDAwMDAwMDAwLCJkZWxldGUiOjU0MDAwMDAwMDAwMDAsInJlYWQiOjMwMDAwMDAwMDAwMCwidXBkYXRlIjo1NDAwMDAwMDAwMDAwfX0="
        }
      ]
    }
  ],
  "check_results": null
}
